
Microsoft Visual Studio Solution File, Format Version 12.00
# Visual Studio Version 17
VisualStudioVersion = 17.7.34302.85
MinimumVisualStudioVersion = 10.0.40219.1
Project("{9A19103F-16F7-4668-BE54-9A1E7A4F7556}") = "PrimeiroProjeto", "PrimeiroProjeto\PrimeiroProjeto.csproj", "{06596116-19B3-48FB-A92C-156D120D28DB}"
EndProject
Project("{9A19103F-16F7-4668-BE54-9A1E7A4F7556}") = "ExeFixacao001", "ExeFixacao001\ExeFixacao001.csproj", "{42E955E4-A2B4-4BEB-A17A-73D475578478}"
EndProject
Project("{9A19103F-16F7-4668-BE54-9A1E7A4F7556}") = "Aulas", "Aulas\Aulas.csproj", "{68690913-0388-442C-8239-9EC82EC8FAF7}"
EndProject
Project("{9A19103F-16F7-4668-BE54-9A1E7A4F7556}") = "Comparacoes", "Comparacoes\Comparacoes.csproj", "{91F98BB2-CFB6-4BF5-B532-085EFB69B182}"
EndProject
Project("{9A19103F-16F7-4668-BE54-9A1E7A4F7556}") = "OperadoresLogicos", "OperadoresLogicos\OperadoresLogicos.csproj", "{0355F010-BC3F-432E-AB78-353642CF1BFF}"
EndProject
Project("{9A19103F-16F7-4668-BE54-9A1E7A4F7556}") = "EstruturaCondicional", "EstruturaCondicional\EstruturaCondicional.csproj", "{CC6BAD79-A149-4D28-8251-A6EE6C28C525}"
EndProject
Project("{9A19103F-16F7-4668-BE54-9A1E7A4F7556}") = "Funcoes", "Funcoes\Funcoes.csproj", "{5D5C389E-1A76-4BF5-A7DB-B7130BA5DF4E}"
EndProject
Project("{9A19103F-16F7-4668-BE54-9A1E7A4F7556}") = "While", "While\While.csproj", "{08B5054B-F6DB-44F9-99ED-A11FA48CE707}"
EndProject
Project("{9A19103F-16F7-4668-BE54-9A1E7A4F7556}") = "For", "For\For.csproj", "{9521CB8E-C14D-40D4-BAF3-9FFB89222947}"
EndProject
Project("{9A19103F-16F7-4668-BE54-9A1E7A4F7556}") = "Lista01Exe01", "Lista01Exe01\Lista01Exe01.csproj", "{C7A70226-44B7-4CA8-89D2-B68F446F72D6}"
EndProject
Project("{9A19103F-16F7-4668-BE54-9A1E7A4F7556}") = "Lista01Exe02", "Lista01Exe02\Lista01Exe02.csproj", "{B9EF3D70-949E-4C1B-BC1A-098D714313CF}"
EndProject
Project("{9A19103F-16F7-4668-BE54-9A1E7A4F7556}") = "Lista01Exe03", "Lista01Exe03\Lista01Exe03.csproj", "{41C61D8D-D091-4373-BCDF-CF32AB847A43}"
EndProject
Project("{9A19103F-16F7-4668-BE54-9A1E7A4F7556}") = "Lista01Exe04", "Lista01Exe04\Lista01Exe04.csproj", "{18E4AE03-E35B-4C2C-B9CB-A2D6DE25C67D}"
EndProject
Project("{9A19103F-16F7-4668-BE54-9A1E7A4F7556}") = "Lista01Exe05", "Lista01Exe05\Lista01Exe05.csproj", "{0FA1826B-0285-4B1B-BB60-8B06FDC0B84B}"
EndProject
Project("{9A19103F-16F7-4668-BE54-9A1E7A4F7556}") = "Lista01Exe06", "Lista01Exe06\Lista01Exe06.csproj", "{E263F070-8163-4DFD-9B7E-5FBB00BB0D09}"
EndProject
Project("{2150E333-8FDC-42A3-9474-1A3956D46DE8}") = "ListaExe01", "ListaExe01", "{17792F42-822C-41B9-A1C3-44D7251FCD9A}"
EndProject
Project("{2150E333-8FDC-42A3-9474-1A3956D46DE8}") = "Conceitos", "Conceitos", "{C207420D-F2E2-4A4D-9512-CF47515CF43B}"
EndProject
Project("{2150E333-8FDC-42A3-9474-1A3956D46DE8}") = "ListaExe02", "ListaExe02", "{7276DBE2-C268-49ED-B483-4E25C7626367}"
EndProject
Project("{9A19103F-16F7-4668-BE54-9A1E7A4F7556}") = "Lista02Exe01", "Lista02Exe01\Lista02Exe01.csproj", "{9249DFC0-EBFB-4533-9DE5-E91287D56BC3}"
EndProject
Project("{9A19103F-16F7-4668-BE54-9A1E7A4F7556}") = "Lista02Exe02", "Lista02Exe02\Lista02Exe02.csproj", "{4ECE5E71-7CA9-4616-AFCA-520897269A5C}"
EndProject
Project("{9A19103F-16F7-4668-BE54-9A1E7A4F7556}") = "Lista02Exe03", "Lista02Exe03\Lista02Exe03.csproj", "{DA4071E9-324B-473A-93C0-3236FE0A2D72}"
EndProject
Project("{9A19103F-16F7-4668-BE54-9A1E7A4F7556}") = "Lista02Exe04", "Lista02Exe04\Lista02Exe04.csproj", "{64BAAF53-146B-4269-A79A-6E5017ADC06F}"
EndProject
Project("{9A19103F-16F7-4668-BE54-9A1E7A4F7556}") = "Lista02Exe05", "Lista02Exe05\Lista02Exe05.csproj", "{09455627-B313-4DF2-B54C-2EF998D2B9A5}"
EndProject
Project("{9A19103F-16F7-4668-BE54-9A1E7A4F7556}") = "Lista02Exe06", "Lista02Exe06\Lista02Exe06.csproj", "{166435C6-F4EA-423C-959B-632A7477380F}"
EndProject
Project("{9A19103F-16F7-4668-BE54-9A1E7A4F7556}") = "BaseClasse", "BaseClasse\BaseClasse.csproj", "{5B7F10CD-124A-43FA-AB1C-239FF8495E7B}"
EndProject
Project("{9A19103F-16F7-4668-BE54-9A1E7A4F7556}") = "Lista02Exe07", "Lista02Exe07\Lista02Exe07.csproj", "{8C80D057-632B-4EF6-A8C5-509477EFE06C}"
EndProject
Project("{9A19103F-16F7-4668-BE54-9A1E7A4F7556}") = "Lista02Exe08", "Lista02Exe08\Lista02Exe08.csproj", "{9CC7170D-3426-48C8-9FB5-DEE305996324}"
EndProject
Project("{2150E333-8FDC-42A3-9474-1A3956D46DE8}") = "ListaExe03", "ListaExe03", "{0618A671-F06D-4B85-8CE7-DCEACC12A390}"
EndProject
Project("{9A19103F-16F7-4668-BE54-9A1E7A4F7556}") = "Lista03Exe01", "Lista03Exe01\Lista03Exe01.csproj", "{466863CC-FC89-46FC-B19F-2F3459E36356}"
EndProject
Project("{9A19103F-16F7-4668-BE54-9A1E7A4F7556}") = "Lista03Exe02", "Lista03Exe02\Lista03Exe02.csproj", "{394FAD79-130A-4050-A5B6-C6BDB8A7C796}"
EndProject
Project("{9A19103F-16F7-4668-BE54-9A1E7A4F7556}") = "Lista03Exe03", "Lista03Exe03\Lista03Exe03.csproj", "{54DD6819-6FBA-4621-9BBC-95FFCD77FFAA}"
EndProject
Project("{2150E333-8FDC-42A3-9474-1A3956D46DE8}") = "ListaExe04", "ListaExe04", "{A5B5C601-B2E4-4FD1-97A8-E2D79FE325DD}"
EndProject
Project("{9A19103F-16F7-4668-BE54-9A1E7A4F7556}") = "Lista04Exe01", "Lista04Exe01\Lista04Exe01.csproj", "{9F66EB41-26F6-483E-A7F3-516B8C8618B5}"
EndProject
Project("{2150E333-8FDC-42A3-9474-1A3956D46DE8}") = "POO", "POO", "{EDED1191-E0AD-4FA5-A639-AAE5A91F14DF}"
EndProject
Project("{9A19103F-16F7-4668-BE54-9A1E7A4F7556}") = "POO_01", "POO_01\POO_01.csproj", "{5EEBF649-60CE-4AE6-83EF-3B19FCC23E6D}"
EndProject
Project("{9A19103F-16F7-4668-BE54-9A1E7A4F7556}") = "ExePooFixacao", "ExePooFixacao\ExePooFixacao.csproj", "{FFE1A355-27AC-49D0-8BA7-D8F2300E76C6}"
EndProject
Project("{9A19103F-16F7-4668-BE54-9A1E7A4F7556}") = "ExePooFixacao02", "ExePooFixacao02\ExePooFixacao02.csproj", "{C62FD6D5-9A15-4EB6-AF5C-71B5555DF68D}"
EndProject
Project("{9A19103F-16F7-4668-BE54-9A1E7A4F7556}") = "Lista04Exe02", "Lista04Exe02\Lista04Exe02.csproj", "{966CCDF0-CD43-4092-86EF-5FDAA3C68C37}"
EndProject
Project("{9A19103F-16F7-4668-BE54-9A1E7A4F7556}") = "Lista04Exe03", "Lista04Exe03\Lista04Exe03.csproj", "{D9E0A60B-3AD1-4951-BAD6-0E1E02F7C116}"
EndProject
Project("{9A19103F-16F7-4668-BE54-9A1E7A4F7556}") = "Lista04Exe04", "Lista04Exe04\Lista04Exe04.csproj", "{743AE2A0-09B1-43C3-B87D-B3C27354CEAB}"
EndProject
Project("{9A19103F-16F7-4668-BE54-9A1E7A4F7556}") = "Lista04Exe05", "Lista04Exe05\Lista04Exe05.csproj", "{D771A882-ABF2-4CAE-BD5D-B3CCB2C480B8}"
EndProject
Project("{9A19103F-16F7-4668-BE54-9A1E7A4F7556}") = "Lista04Exe06", "Lista04Exe06\Lista04Exe06.csproj", "{D1794018-67E0-4799-8EB3-ED0194FE143D}"
EndProject
Project("{9A19103F-16F7-4668-BE54-9A1E7A4F7556}") = "Lista04Exe07", "Lista04Exe07\Lista04Exe07.csproj", "{7C674E19-DE8D-4144-AA8C-2F7EE5E7B4C9}"
EndProject
Project("{9A19103F-16F7-4668-BE54-9A1E7A4F7556}") = "ExePooFixacao03", "ExePooFixacao03\ExePooFixacao03.csproj", "{6E5EA972-8E56-44BC-8EA1-B983A1C1F93B}"
EndProject
Project("{9A19103F-16F7-4668-BE54-9A1E7A4F7556}") = "ExePooFixacao04", "ExePooFixacao04\ExePooFixacao04.csproj", "{2F24E149-CD50-4330-B94F-58FE5A5749BF}"
EndProject
Project("{9A19103F-16F7-4668-BE54-9A1E7A4F7556}") = "ExePooFixacao05", "ExePooFixacao05\ExePooFixacao05.csproj", "{363C3931-6131-4F55-BE69-B8F938FF0194}"
EndProject
Project("{9A19103F-16F7-4668-BE54-9A1E7A4F7556}") = "ExePooFixacao06", "ExePooFixacao06\ExePooFixacao06.csproj", "{F86AD8CA-DC1B-477E-AFC8-762386922666}"
EndProject
Project("{9A19103F-16F7-4668-BE54-9A1E7A4F7556}") = "MembrosEstaticos", "MembrosEstaticos\MembrosEstaticos.csproj", "{F625DEDA-1768-4B97-8F43-411CC92BC1B0}"
EndProject
Project("{9A19103F-16F7-4668-BE54-9A1E7A4F7556}") = "ExeFixacaoMembrosEstaticos", "ExeFixacaoMembrosEstaticos\ExeFixacaoMembrosEstaticos.csproj", "{3FB5EEEC-E33B-4EE8-8D51-5E68A952D5B9}"
EndProject
Project("{2150E333-8FDC-42A3-9474-1A3956D46DE8}") = "ExeFixacao", "ExeFixacao", "{9296DBBB-69A3-456E-B794-A2FA42B8F129}"
EndProject
Project("{9A19103F-16F7-4668-BE54-9A1E7A4F7556}") = "Construtores", "Construtores\Construtores.csproj", "{6A2A27DD-E4C1-4050-BDCE-861591D0F6E3}"
EndProject
Project("{9A19103F-16F7-4668-BE54-9A1E7A4F7556}") = "Encapsulamento", "Encapsulamento\Encapsulamento.csproj", "{7E87BBF0-3466-49C3-87BB-08B0968AF5B1}"
EndProject
Project("{9A19103F-16F7-4668-BE54-9A1E7A4F7556}") = "Properties", "Properties\Properties.csproj", "{C9AF4A17-8C7C-448D-853C-332A367A01A0}"
EndProject
Project("{9A19103F-16F7-4668-BE54-9A1E7A4F7556}") = "AutoPropertie", "AutoPropertie\AutoPropertie.csproj", "{5F35FB79-029A-46E8-B3B3-2E9DEC304DB0}"
EndProject
Project("{9A19103F-16F7-4668-BE54-9A1E7A4F7556}") = "ExeFixacaoContrutoresPropertiesAutoproperties", "ExeFixacaoContrutoresPropertiesAutoproperties\ExeFixacaoContrutoresPropertiesAutoproperties.csproj", "{7DCE1347-C4A1-447D-B0DC-4B663E398FED}"
EndProject
Project("{9A19103F-16F7-4668-BE54-9A1E7A4F7556}") = "Struct", "Struct\Struct.csproj", "{5DE59CE7-4466-42D7-8713-367023B3FA21}"
EndProject
Project("{9A19103F-16F7-4668-BE54-9A1E7A4F7556}") = "Nullable", "Nullable\Nullable.csproj", "{99F6B664-A9A3-48FA-B0D0-7AD570B140C3}"
EndProject
Project("{9A19103F-16F7-4668-BE54-9A1E7A4F7556}") = "Vetores", "Vetores\Vetores.csproj", "{CC456859-7345-4E89-820E-1086AD630F6F}"
EndProject
Project("{9A19103F-16F7-4668-BE54-9A1E7A4F7556}") = "ExeFixacaoVetores", "ExeFixacaoVetores\ExeFixacaoVetores.csproj", "{89BE7C65-7B52-4AEA-BDDF-0A589D4E49B0}"
EndProject
Project("{9A19103F-16F7-4668-BE54-9A1E7A4F7556}") = "ExeFixacaoVetores02", "ExeFixacaoVetores02\ExeFixacaoVetores02.csproj", "{700CE567-A348-4BA5-9475-C642BD5408B2}"
EndProject
Project("{9A19103F-16F7-4668-BE54-9A1E7A4F7556}") = "Params", "Params\Params.csproj", "{56635087-A43F-4D53-AD6B-BC8C8D78237B}"
EndProject
Project("{FAE04EC0-301F-11D3-BF4B-00C04F79EFBC}") = "ModificadoresParametros", "ModificadoresParametros\ModificadoresParametros.csproj", "{594B85E2-DF95-42BD-9648-2CE1A2A0F0DE}"
EndProject
Global
	GlobalSection(SolutionConfigurationPlatforms) = preSolution
		Debug|Any CPU = Debug|Any CPU
		Release|Any CPU = Release|Any CPU
	EndGlobalSection
	GlobalSection(ProjectConfigurationPlatforms) = postSolution
		{06596116-19B3-48FB-A92C-156D120D28DB}.Debug|Any CPU.ActiveCfg = Debug|Any CPU
		{06596116-19B3-48FB-A92C-156D120D28DB}.Debug|Any CPU.Build.0 = Debug|Any CPU
		{06596116-19B3-48FB-A92C-156D120D28DB}.Release|Any CPU.ActiveCfg = Release|Any CPU
		{06596116-19B3-48FB-A92C-156D120D28DB}.Release|Any CPU.Build.0 = Release|Any CPU
		{42E955E4-A2B4-4BEB-A17A-73D475578478}.Debug|Any CPU.ActiveCfg = Debug|Any CPU
		{42E955E4-A2B4-4BEB-A17A-73D475578478}.Debug|Any CPU.Build.0 = Debug|Any CPU
		{42E955E4-A2B4-4BEB-A17A-73D475578478}.Release|Any CPU.ActiveCfg = Release|Any CPU
		{42E955E4-A2B4-4BEB-A17A-73D475578478}.Release|Any CPU.Build.0 = Release|Any CPU
		{68690913-0388-442C-8239-9EC82EC8FAF7}.Debug|Any CPU.ActiveCfg = Debug|Any CPU
		{68690913-0388-442C-8239-9EC82EC8FAF7}.Debug|Any CPU.Build.0 = Debug|Any CPU
		{68690913-0388-442C-8239-9EC82EC8FAF7}.Release|Any CPU.ActiveCfg = Release|Any CPU
		{68690913-0388-442C-8239-9EC82EC8FAF7}.Release|Any CPU.Build.0 = Release|Any CPU
		{91F98BB2-CFB6-4BF5-B532-085EFB69B182}.Debug|Any CPU.ActiveCfg = Debug|Any CPU
		{91F98BB2-CFB6-4BF5-B532-085EFB69B182}.Debug|Any CPU.Build.0 = Debug|Any CPU
		{91F98BB2-CFB6-4BF5-B532-085EFB69B182}.Release|Any CPU.ActiveCfg = Release|Any CPU
		{91F98BB2-CFB6-4BF5-B532-085EFB69B182}.Release|Any CPU.Build.0 = Release|Any CPU
		{0355F010-BC3F-432E-AB78-353642CF1BFF}.Debug|Any CPU.ActiveCfg = Debug|Any CPU
		{0355F010-BC3F-432E-AB78-353642CF1BFF}.Debug|Any CPU.Build.0 = Debug|Any CPU
		{0355F010-BC3F-432E-AB78-353642CF1BFF}.Release|Any CPU.ActiveCfg = Release|Any CPU
		{0355F010-BC3F-432E-AB78-353642CF1BFF}.Release|Any CPU.Build.0 = Release|Any CPU
		{CC6BAD79-A149-4D28-8251-A6EE6C28C525}.Debug|Any CPU.ActiveCfg = Debug|Any CPU
		{CC6BAD79-A149-4D28-8251-A6EE6C28C525}.Debug|Any CPU.Build.0 = Debug|Any CPU
		{CC6BAD79-A149-4D28-8251-A6EE6C28C525}.Release|Any CPU.ActiveCfg = Release|Any CPU
		{CC6BAD79-A149-4D28-8251-A6EE6C28C525}.Release|Any CPU.Build.0 = Release|Any CPU
		{5D5C389E-1A76-4BF5-A7DB-B7130BA5DF4E}.Debug|Any CPU.ActiveCfg = Debug|Any CPU
		{5D5C389E-1A76-4BF5-A7DB-B7130BA5DF4E}.Debug|Any CPU.Build.0 = Debug|Any CPU
		{5D5C389E-1A76-4BF5-A7DB-B7130BA5DF4E}.Release|Any CPU.ActiveCfg = Release|Any CPU
		{5D5C389E-1A76-4BF5-A7DB-B7130BA5DF4E}.Release|Any CPU.Build.0 = Release|Any CPU
		{08B5054B-F6DB-44F9-99ED-A11FA48CE707}.Debug|Any CPU.ActiveCfg = Debug|Any CPU
		{08B5054B-F6DB-44F9-99ED-A11FA48CE707}.Debug|Any CPU.Build.0 = Debug|Any CPU
		{08B5054B-F6DB-44F9-99ED-A11FA48CE707}.Release|Any CPU.ActiveCfg = Release|Any CPU
		{08B5054B-F6DB-44F9-99ED-A11FA48CE707}.Release|Any CPU.Build.0 = Release|Any CPU
		{9521CB8E-C14D-40D4-BAF3-9FFB89222947}.Debug|Any CPU.ActiveCfg = Debug|Any CPU
		{9521CB8E-C14D-40D4-BAF3-9FFB89222947}.Debug|Any CPU.Build.0 = Debug|Any CPU
		{9521CB8E-C14D-40D4-BAF3-9FFB89222947}.Release|Any CPU.ActiveCfg = Release|Any CPU
		{9521CB8E-C14D-40D4-BAF3-9FFB89222947}.Release|Any CPU.Build.0 = Release|Any CPU
		{C7A70226-44B7-4CA8-89D2-B68F446F72D6}.Debug|Any CPU.ActiveCfg = Debug|Any CPU
		{C7A70226-44B7-4CA8-89D2-B68F446F72D6}.Debug|Any CPU.Build.0 = Debug|Any CPU
		{C7A70226-44B7-4CA8-89D2-B68F446F72D6}.Release|Any CPU.ActiveCfg = Release|Any CPU
		{C7A70226-44B7-4CA8-89D2-B68F446F72D6}.Release|Any CPU.Build.0 = Release|Any CPU
		{B9EF3D70-949E-4C1B-BC1A-098D714313CF}.Debug|Any CPU.ActiveCfg = Debug|Any CPU
		{B9EF3D70-949E-4C1B-BC1A-098D714313CF}.Debug|Any CPU.Build.0 = Debug|Any CPU
		{B9EF3D70-949E-4C1B-BC1A-098D714313CF}.Release|Any CPU.ActiveCfg = Release|Any CPU
		{B9EF3D70-949E-4C1B-BC1A-098D714313CF}.Release|Any CPU.Build.0 = Release|Any CPU
		{41C61D8D-D091-4373-BCDF-CF32AB847A43}.Debug|Any CPU.ActiveCfg = Debug|Any CPU
		{41C61D8D-D091-4373-BCDF-CF32AB847A43}.Debug|Any CPU.Build.0 = Debug|Any CPU
		{41C61D8D-D091-4373-BCDF-CF32AB847A43}.Release|Any CPU.ActiveCfg = Release|Any CPU
		{41C61D8D-D091-4373-BCDF-CF32AB847A43}.Release|Any CPU.Build.0 = Release|Any CPU
		{18E4AE03-E35B-4C2C-B9CB-A2D6DE25C67D}.Debug|Any CPU.ActiveCfg = Debug|Any CPU
		{18E4AE03-E35B-4C2C-B9CB-A2D6DE25C67D}.Debug|Any CPU.Build.0 = Debug|Any CPU
		{18E4AE03-E35B-4C2C-B9CB-A2D6DE25C67D}.Release|Any CPU.ActiveCfg = Release|Any CPU
		{18E4AE03-E35B-4C2C-B9CB-A2D6DE25C67D}.Release|Any CPU.Build.0 = Release|Any CPU
		{0FA1826B-0285-4B1B-BB60-8B06FDC0B84B}.Debug|Any CPU.ActiveCfg = Debug|Any CPU
		{0FA1826B-0285-4B1B-BB60-8B06FDC0B84B}.Debug|Any CPU.Build.0 = Debug|Any CPU
		{0FA1826B-0285-4B1B-BB60-8B06FDC0B84B}.Release|Any CPU.ActiveCfg = Release|Any CPU
		{0FA1826B-0285-4B1B-BB60-8B06FDC0B84B}.Release|Any CPU.Build.0 = Release|Any CPU
		{E263F070-8163-4DFD-9B7E-5FBB00BB0D09}.Debug|Any CPU.ActiveCfg = Debug|Any CPU
		{E263F070-8163-4DFD-9B7E-5FBB00BB0D09}.Debug|Any CPU.Build.0 = Debug|Any CPU
		{E263F070-8163-4DFD-9B7E-5FBB00BB0D09}.Release|Any CPU.ActiveCfg = Release|Any CPU
		{E263F070-8163-4DFD-9B7E-5FBB00BB0D09}.Release|Any CPU.Build.0 = Release|Any CPU
		{9249DFC0-EBFB-4533-9DE5-E91287D56BC3}.Debug|Any CPU.ActiveCfg = Debug|Any CPU
		{9249DFC0-EBFB-4533-9DE5-E91287D56BC3}.Debug|Any CPU.Build.0 = Debug|Any CPU
		{9249DFC0-EBFB-4533-9DE5-E91287D56BC3}.Release|Any CPU.ActiveCfg = Release|Any CPU
		{9249DFC0-EBFB-4533-9DE5-E91287D56BC3}.Release|Any CPU.Build.0 = Release|Any CPU
		{4ECE5E71-7CA9-4616-AFCA-520897269A5C}.Debug|Any CPU.ActiveCfg = Debug|Any CPU
		{4ECE5E71-7CA9-4616-AFCA-520897269A5C}.Debug|Any CPU.Build.0 = Debug|Any CPU
		{4ECE5E71-7CA9-4616-AFCA-520897269A5C}.Release|Any CPU.ActiveCfg = Release|Any CPU
		{4ECE5E71-7CA9-4616-AFCA-520897269A5C}.Release|Any CPU.Build.0 = Release|Any CPU
		{DA4071E9-324B-473A-93C0-3236FE0A2D72}.Debug|Any CPU.ActiveCfg = Debug|Any CPU
		{DA4071E9-324B-473A-93C0-3236FE0A2D72}.Debug|Any CPU.Build.0 = Debug|Any CPU
		{DA4071E9-324B-473A-93C0-3236FE0A2D72}.Release|Any CPU.ActiveCfg = Release|Any CPU
		{DA4071E9-324B-473A-93C0-3236FE0A2D72}.Release|Any CPU.Build.0 = Release|Any CPU
		{64BAAF53-146B-4269-A79A-6E5017ADC06F}.Debug|Any CPU.ActiveCfg = Debug|Any CPU
		{64BAAF53-146B-4269-A79A-6E5017ADC06F}.Debug|Any CPU.Build.0 = Debug|Any CPU
		{64BAAF53-146B-4269-A79A-6E5017ADC06F}.Release|Any CPU.ActiveCfg = Release|Any CPU
		{64BAAF53-146B-4269-A79A-6E5017ADC06F}.Release|Any CPU.Build.0 = Release|Any CPU
		{09455627-B313-4DF2-B54C-2EF998D2B9A5}.Debug|Any CPU.ActiveCfg = Debug|Any CPU
		{09455627-B313-4DF2-B54C-2EF998D2B9A5}.Debug|Any CPU.Build.0 = Debug|Any CPU
		{09455627-B313-4DF2-B54C-2EF998D2B9A5}.Release|Any CPU.ActiveCfg = Release|Any CPU
		{09455627-B313-4DF2-B54C-2EF998D2B9A5}.Release|Any CPU.Build.0 = Release|Any CPU
		{166435C6-F4EA-423C-959B-632A7477380F}.Debug|Any CPU.ActiveCfg = Debug|Any CPU
		{166435C6-F4EA-423C-959B-632A7477380F}.Debug|Any CPU.Build.0 = Debug|Any CPU
		{166435C6-F4EA-423C-959B-632A7477380F}.Release|Any CPU.ActiveCfg = Release|Any CPU
		{166435C6-F4EA-423C-959B-632A7477380F}.Release|Any CPU.Build.0 = Release|Any CPU
		{5B7F10CD-124A-43FA-AB1C-239FF8495E7B}.Debug|Any CPU.ActiveCfg = Debug|Any CPU
		{5B7F10CD-124A-43FA-AB1C-239FF8495E7B}.Debug|Any CPU.Build.0 = Debug|Any CPU
		{5B7F10CD-124A-43FA-AB1C-239FF8495E7B}.Release|Any CPU.ActiveCfg = Release|Any CPU
		{5B7F10CD-124A-43FA-AB1C-239FF8495E7B}.Release|Any CPU.Build.0 = Release|Any CPU
		{8C80D057-632B-4EF6-A8C5-509477EFE06C}.Debug|Any CPU.ActiveCfg = Debug|Any CPU
		{8C80D057-632B-4EF6-A8C5-509477EFE06C}.Debug|Any CPU.Build.0 = Debug|Any CPU
		{8C80D057-632B-4EF6-A8C5-509477EFE06C}.Release|Any CPU.ActiveCfg = Release|Any CPU
		{8C80D057-632B-4EF6-A8C5-509477EFE06C}.Release|Any CPU.Build.0 = Release|Any CPU
		{9CC7170D-3426-48C8-9FB5-DEE305996324}.Debug|Any CPU.ActiveCfg = Debug|Any CPU
		{9CC7170D-3426-48C8-9FB5-DEE305996324}.Debug|Any CPU.Build.0 = Debug|Any CPU
		{9CC7170D-3426-48C8-9FB5-DEE305996324}.Release|Any CPU.ActiveCfg = Release|Any CPU
		{9CC7170D-3426-48C8-9FB5-DEE305996324}.Release|Any CPU.Build.0 = Release|Any CPU
		{466863CC-FC89-46FC-B19F-2F3459E36356}.Debug|Any CPU.ActiveCfg = Debug|Any CPU
		{466863CC-FC89-46FC-B19F-2F3459E36356}.Debug|Any CPU.Build.0 = Debug|Any CPU
		{466863CC-FC89-46FC-B19F-2F3459E36356}.Release|Any CPU.ActiveCfg = Release|Any CPU
		{466863CC-FC89-46FC-B19F-2F3459E36356}.Release|Any CPU.Build.0 = Release|Any CPU
		{394FAD79-130A-4050-A5B6-C6BDB8A7C796}.Debug|Any CPU.ActiveCfg = Debug|Any CPU
		{394FAD79-130A-4050-A5B6-C6BDB8A7C796}.Debug|Any CPU.Build.0 = Debug|Any CPU
		{394FAD79-130A-4050-A5B6-C6BDB8A7C796}.Release|Any CPU.ActiveCfg = Release|Any CPU
		{394FAD79-130A-4050-A5B6-C6BDB8A7C796}.Release|Any CPU.Build.0 = Release|Any CPU
		{54DD6819-6FBA-4621-9BBC-95FFCD77FFAA}.Debug|Any CPU.ActiveCfg = Debug|Any CPU
		{54DD6819-6FBA-4621-9BBC-95FFCD77FFAA}.Debug|Any CPU.Build.0 = Debug|Any CPU
		{54DD6819-6FBA-4621-9BBC-95FFCD77FFAA}.Release|Any CPU.ActiveCfg = Release|Any CPU
		{54DD6819-6FBA-4621-9BBC-95FFCD77FFAA}.Release|Any CPU.Build.0 = Release|Any CPU
		{9F66EB41-26F6-483E-A7F3-516B8C8618B5}.Debug|Any CPU.ActiveCfg = Debug|Any CPU
		{9F66EB41-26F6-483E-A7F3-516B8C8618B5}.Debug|Any CPU.Build.0 = Debug|Any CPU
		{9F66EB41-26F6-483E-A7F3-516B8C8618B5}.Release|Any CPU.ActiveCfg = Release|Any CPU
		{9F66EB41-26F6-483E-A7F3-516B8C8618B5}.Release|Any CPU.Build.0 = Release|Any CPU
		{5EEBF649-60CE-4AE6-83EF-3B19FCC23E6D}.Debug|Any CPU.ActiveCfg = Debug|Any CPU
		{5EEBF649-60CE-4AE6-83EF-3B19FCC23E6D}.Debug|Any CPU.Build.0 = Debug|Any CPU
		{5EEBF649-60CE-4AE6-83EF-3B19FCC23E6D}.Release|Any CPU.ActiveCfg = Release|Any CPU
		{5EEBF649-60CE-4AE6-83EF-3B19FCC23E6D}.Release|Any CPU.Build.0 = Release|Any CPU
		{FFE1A355-27AC-49D0-8BA7-D8F2300E76C6}.Debug|Any CPU.ActiveCfg = Debug|Any CPU
		{FFE1A355-27AC-49D0-8BA7-D8F2300E76C6}.Debug|Any CPU.Build.0 = Debug|Any CPU
		{FFE1A355-27AC-49D0-8BA7-D8F2300E76C6}.Release|Any CPU.ActiveCfg = Release|Any CPU
		{FFE1A355-27AC-49D0-8BA7-D8F2300E76C6}.Release|Any CPU.Build.0 = Release|Any CPU
		{C62FD6D5-9A15-4EB6-AF5C-71B5555DF68D}.Debug|Any CPU.ActiveCfg = Debug|Any CPU
		{C62FD6D5-9A15-4EB6-AF5C-71B5555DF68D}.Debug|Any CPU.Build.0 = Debug|Any CPU
		{C62FD6D5-9A15-4EB6-AF5C-71B5555DF68D}.Release|Any CPU.ActiveCfg = Release|Any CPU
		{C62FD6D5-9A15-4EB6-AF5C-71B5555DF68D}.Release|Any CPU.Build.0 = Release|Any CPU
		{966CCDF0-CD43-4092-86EF-5FDAA3C68C37}.Debug|Any CPU.ActiveCfg = Debug|Any CPU
		{966CCDF0-CD43-4092-86EF-5FDAA3C68C37}.Debug|Any CPU.Build.0 = Debug|Any CPU
		{966CCDF0-CD43-4092-86EF-5FDAA3C68C37}.Release|Any CPU.ActiveCfg = Release|Any CPU
		{966CCDF0-CD43-4092-86EF-5FDAA3C68C37}.Release|Any CPU.Build.0 = Release|Any CPU
		{D9E0A60B-3AD1-4951-BAD6-0E1E02F7C116}.Debug|Any CPU.ActiveCfg = Debug|Any CPU
		{D9E0A60B-3AD1-4951-BAD6-0E1E02F7C116}.Debug|Any CPU.Build.0 = Debug|Any CPU
		{D9E0A60B-3AD1-4951-BAD6-0E1E02F7C116}.Release|Any CPU.ActiveCfg = Release|Any CPU
		{D9E0A60B-3AD1-4951-BAD6-0E1E02F7C116}.Release|Any CPU.Build.0 = Release|Any CPU
		{743AE2A0-09B1-43C3-B87D-B3C27354CEAB}.Debug|Any CPU.ActiveCfg = Debug|Any CPU
		{743AE2A0-09B1-43C3-B87D-B3C27354CEAB}.Debug|Any CPU.Build.0 = Debug|Any CPU
		{743AE2A0-09B1-43C3-B87D-B3C27354CEAB}.Release|Any CPU.ActiveCfg = Release|Any CPU
		{743AE2A0-09B1-43C3-B87D-B3C27354CEAB}.Release|Any CPU.Build.0 = Release|Any CPU
		{D771A882-ABF2-4CAE-BD5D-B3CCB2C480B8}.Debug|Any CPU.ActiveCfg = Debug|Any CPU
		{D771A882-ABF2-4CAE-BD5D-B3CCB2C480B8}.Debug|Any CPU.Build.0 = Debug|Any CPU
		{D771A882-ABF2-4CAE-BD5D-B3CCB2C480B8}.Release|Any CPU.ActiveCfg = Release|Any CPU
		{D771A882-ABF2-4CAE-BD5D-B3CCB2C480B8}.Release|Any CPU.Build.0 = Release|Any CPU
		{D1794018-67E0-4799-8EB3-ED0194FE143D}.Debug|Any CPU.ActiveCfg = Debug|Any CPU
		{D1794018-67E0-4799-8EB3-ED0194FE143D}.Debug|Any CPU.Build.0 = Debug|Any CPU
		{D1794018-67E0-4799-8EB3-ED0194FE143D}.Release|Any CPU.ActiveCfg = Release|Any CPU
		{D1794018-67E0-4799-8EB3-ED0194FE143D}.Release|Any CPU.Build.0 = Release|Any CPU
		{7C674E19-DE8D-4144-AA8C-2F7EE5E7B4C9}.Debug|Any CPU.ActiveCfg = Debug|Any CPU
		{7C674E19-DE8D-4144-AA8C-2F7EE5E7B4C9}.Debug|Any CPU.Build.0 = Debug|Any CPU
		{7C674E19-DE8D-4144-AA8C-2F7EE5E7B4C9}.Release|Any CPU.ActiveCfg = Release|Any CPU
		{7C674E19-DE8D-4144-AA8C-2F7EE5E7B4C9}.Release|Any CPU.Build.0 = Release|Any CPU
		{6E5EA972-8E56-44BC-8EA1-B983A1C1F93B}.Debug|Any CPU.ActiveCfg = Debug|Any CPU
		{6E5EA972-8E56-44BC-8EA1-B983A1C1F93B}.Debug|Any CPU.Build.0 = Debug|Any CPU
		{6E5EA972-8E56-44BC-8EA1-B983A1C1F93B}.Release|Any CPU.ActiveCfg = Release|Any CPU
		{6E5EA972-8E56-44BC-8EA1-B983A1C1F93B}.Release|Any CPU.Build.0 = Release|Any CPU
		{2F24E149-CD50-4330-B94F-58FE5A5749BF}.Debug|Any CPU.ActiveCfg = Debug|Any CPU
		{2F24E149-CD50-4330-B94F-58FE5A5749BF}.Debug|Any CPU.Build.0 = Debug|Any CPU
		{2F24E149-CD50-4330-B94F-58FE5A5749BF}.Release|Any CPU.ActiveCfg = Release|Any CPU
		{2F24E149-CD50-4330-B94F-58FE5A5749BF}.Release|Any CPU.Build.0 = Release|Any CPU
		{363C3931-6131-4F55-BE69-B8F938FF0194}.Debug|Any CPU.ActiveCfg = Debug|Any CPU
		{363C3931-6131-4F55-BE69-B8F938FF0194}.Debug|Any CPU.Build.0 = Debug|Any CPU
		{363C3931-6131-4F55-BE69-B8F938FF0194}.Release|Any CPU.ActiveCfg = Release|Any CPU
		{363C3931-6131-4F55-BE69-B8F938FF0194}.Release|Any CPU.Build.0 = Release|Any CPU
		{F86AD8CA-DC1B-477E-AFC8-762386922666}.Debug|Any CPU.ActiveCfg = Debug|Any CPU
		{F86AD8CA-DC1B-477E-AFC8-762386922666}.Debug|Any CPU.Build.0 = Debug|Any CPU
		{F86AD8CA-DC1B-477E-AFC8-762386922666}.Release|Any CPU.ActiveCfg = Release|Any CPU
		{F86AD8CA-DC1B-477E-AFC8-762386922666}.Release|Any CPU.Build.0 = Release|Any CPU
		{F625DEDA-1768-4B97-8F43-411CC92BC1B0}.Debug|Any CPU.ActiveCfg = Debug|Any CPU
		{F625DEDA-1768-4B97-8F43-411CC92BC1B0}.Debug|Any CPU.Build.0 = Debug|Any CPU
		{F625DEDA-1768-4B97-8F43-411CC92BC1B0}.Release|Any CPU.ActiveCfg = Release|Any CPU
		{F625DEDA-1768-4B97-8F43-411CC92BC1B0}.Release|Any CPU.Build.0 = Release|Any CPU
		{3FB5EEEC-E33B-4EE8-8D51-5E68A952D5B9}.Debug|Any CPU.ActiveCfg = Debug|Any CPU
		{3FB5EEEC-E33B-4EE8-8D51-5E68A952D5B9}.Debug|Any CPU.Build.0 = Debug|Any CPU
		{3FB5EEEC-E33B-4EE8-8D51-5E68A952D5B9}.Release|Any CPU.ActiveCfg = Release|Any CPU
		{3FB5EEEC-E33B-4EE8-8D51-5E68A952D5B9}.Release|Any CPU.Build.0 = Release|Any CPU
		{6A2A27DD-E4C1-4050-BDCE-861591D0F6E3}.Debug|Any CPU.ActiveCfg = Debug|Any CPU
		{6A2A27DD-E4C1-4050-BDCE-861591D0F6E3}.Debug|Any CPU.Build.0 = Debug|Any CPU
		{6A2A27DD-E4C1-4050-BDCE-861591D0F6E3}.Release|Any CPU.ActiveCfg = Release|Any CPU
		{6A2A27DD-E4C1-4050-BDCE-861591D0F6E3}.Release|Any CPU.Build.0 = Release|Any CPU
		{7E87BBF0-3466-49C3-87BB-08B0968AF5B1}.Debug|Any CPU.ActiveCfg = Debug|Any CPU
		{7E87BBF0-3466-49C3-87BB-08B0968AF5B1}.Debug|Any CPU.Build.0 = Debug|Any CPU
		{7E87BBF0-3466-49C3-87BB-08B0968AF5B1}.Release|Any CPU.ActiveCfg = Release|Any CPU
		{7E87BBF0-3466-49C3-87BB-08B0968AF5B1}.Release|Any CPU.Build.0 = Release|Any CPU
		{C9AF4A17-8C7C-448D-853C-332A367A01A0}.Debug|Any CPU.ActiveCfg = Debug|Any CPU
		{C9AF4A17-8C7C-448D-853C-332A367A01A0}.Debug|Any CPU.Build.0 = Debug|Any CPU
		{C9AF4A17-8C7C-448D-853C-332A367A01A0}.Release|Any CPU.ActiveCfg = Release|Any CPU
		{C9AF4A17-8C7C-448D-853C-332A367A01A0}.Release|Any CPU.Build.0 = Release|Any CPU
		{5F35FB79-029A-46E8-B3B3-2E9DEC304DB0}.Debug|Any CPU.ActiveCfg = Debug|Any CPU
		{5F35FB79-029A-46E8-B3B3-2E9DEC304DB0}.Debug|Any CPU.Build.0 = Debug|Any CPU
		{5F35FB79-029A-46E8-B3B3-2E9DEC304DB0}.Release|Any CPU.ActiveCfg = Release|Any CPU
		{5F35FB79-029A-46E8-B3B3-2E9DEC304DB0}.Release|Any CPU.Build.0 = Release|Any CPU
		{7DCE1347-C4A1-447D-B0DC-4B663E398FED}.Debug|Any CPU.ActiveCfg = Debug|Any CPU
		{7DCE1347-C4A1-447D-B0DC-4B663E398FED}.Debug|Any CPU.Build.0 = Debug|Any CPU
		{7DCE1347-C4A1-447D-B0DC-4B663E398FED}.Release|Any CPU.ActiveCfg = Release|Any CPU
		{7DCE1347-C4A1-447D-B0DC-4B663E398FED}.Release|Any CPU.Build.0 = Release|Any CPU
		{5DE59CE7-4466-42D7-8713-367023B3FA21}.Debug|Any CPU.ActiveCfg = Debug|Any CPU
		{5DE59CE7-4466-42D7-8713-367023B3FA21}.Debug|Any CPU.Build.0 = Debug|Any CPU
		{5DE59CE7-4466-42D7-8713-367023B3FA21}.Release|Any CPU.ActiveCfg = Release|Any CPU
		{5DE59CE7-4466-42D7-8713-367023B3FA21}.Release|Any CPU.Build.0 = Release|Any CPU
		{99F6B664-A9A3-48FA-B0D0-7AD570B140C3}.Debug|Any CPU.ActiveCfg = Debug|Any CPU
		{99F6B664-A9A3-48FA-B0D0-7AD570B140C3}.Debug|Any CPU.Build.0 = Debug|Any CPU
		{99F6B664-A9A3-48FA-B0D0-7AD570B140C3}.Release|Any CPU.ActiveCfg = Release|Any CPU
		{99F6B664-A9A3-48FA-B0D0-7AD570B140C3}.Release|Any CPU.Build.0 = Release|Any CPU
		{CC456859-7345-4E89-820E-1086AD630F6F}.Debug|Any CPU.ActiveCfg = Debug|Any CPU
		{CC456859-7345-4E89-820E-1086AD630F6F}.Debug|Any CPU.Build.0 = Debug|Any CPU
		{CC456859-7345-4E89-820E-1086AD630F6F}.Release|Any CPU.ActiveCfg = Release|Any CPU
		{CC456859-7345-4E89-820E-1086AD630F6F}.Release|Any CPU.Build.0 = Release|Any CPU
		{89BE7C65-7B52-4AEA-BDDF-0A589D4E49B0}.Debug|Any CPU.ActiveCfg = Debug|Any CPU
		{89BE7C65-7B52-4AEA-BDDF-0A589D4E49B0}.Debug|Any CPU.Build.0 = Debug|Any CPU
		{89BE7C65-7B52-4AEA-BDDF-0A589D4E49B0}.Release|Any CPU.ActiveCfg = Release|Any CPU
		{89BE7C65-7B52-4AEA-BDDF-0A589D4E49B0}.Release|Any CPU.Build.0 = Release|Any CPU
		{700CE567-A348-4BA5-9475-C642BD5408B2}.Debug|Any CPU.ActiveCfg = Debug|Any CPU
		{700CE567-A348-4BA5-9475-C642BD5408B2}.Debug|Any CPU.Build.0 = Debug|Any CPU
		{700CE567-A348-4BA5-9475-C642BD5408B2}.Release|Any CPU.ActiveCfg = Release|Any CPU
		{700CE567-A348-4BA5-9475-C642BD5408B2}.Release|Any CPU.Build.0 = Release|Any CPU
		{56635087-A43F-4D53-AD6B-BC8C8D78237B}.Debug|Any CPU.ActiveCfg = Debug|Any CPU
		{56635087-A43F-4D53-AD6B-BC8C8D78237B}.Debug|Any CPU.Build.0 = Debug|Any CPU
		{56635087-A43F-4D53-AD6B-BC8C8D78237B}.Release|Any CPU.ActiveCfg = Release|Any CPU
		{56635087-A43F-4D53-AD6B-BC8C8D78237B}.Release|Any CPU.Build.0 = Release|Any CPU
		{594B85E2-DF95-42BD-9648-2CE1A2A0F0DE}.Debug|Any CPU.ActiveCfg = Debug|Any CPU
		{594B85E2-DF95-42BD-9648-2CE1A2A0F0DE}.Debug|Any CPU.Build.0 = Debug|Any CPU
		{594B85E2-DF95-42BD-9648-2CE1A2A0F0DE}.Release|Any CPU.ActiveCfg = Release|Any CPU
		{594B85E2-DF95-42BD-9648-2CE1A2A0F0DE}.Release|Any CPU.Build.0 = Release|Any CPU
	EndGlobalSection
	GlobalSection(SolutionProperties) = preSolution
		HideSolutionNode = FALSE
	EndGlobalSection
	GlobalSection(NestedProjects) = preSolution
		{06596116-19B3-48FB-A92C-156D120D28DB} = {C207420D-F2E2-4A4D-9512-CF47515CF43B}
		{42E955E4-A2B4-4BEB-A17A-73D475578478} = {9296DBBB-69A3-456E-B794-A2FA42B8F129}
		{68690913-0388-442C-8239-9EC82EC8FAF7} = {C207420D-F2E2-4A4D-9512-CF47515CF43B}
		{91F98BB2-CFB6-4BF5-B532-085EFB69B182} = {C207420D-F2E2-4A4D-9512-CF47515CF43B}
		{0355F010-BC3F-432E-AB78-353642CF1BFF} = {C207420D-F2E2-4A4D-9512-CF47515CF43B}
		{CC6BAD79-A149-4D28-8251-A6EE6C28C525} = {C207420D-F2E2-4A4D-9512-CF47515CF43B}
		{5D5C389E-1A76-4BF5-A7DB-B7130BA5DF4E} = {C207420D-F2E2-4A4D-9512-CF47515CF43B}
		{08B5054B-F6DB-44F9-99ED-A11FA48CE707} = {C207420D-F2E2-4A4D-9512-CF47515CF43B}
		{9521CB8E-C14D-40D4-BAF3-9FFB89222947} = {C207420D-F2E2-4A4D-9512-CF47515CF43B}
		{C7A70226-44B7-4CA8-89D2-B68F446F72D6} = {17792F42-822C-41B9-A1C3-44D7251FCD9A}
		{B9EF3D70-949E-4C1B-BC1A-098D714313CF} = {17792F42-822C-41B9-A1C3-44D7251FCD9A}
		{41C61D8D-D091-4373-BCDF-CF32AB847A43} = {17792F42-822C-41B9-A1C3-44D7251FCD9A}
		{18E4AE03-E35B-4C2C-B9CB-A2D6DE25C67D} = {17792F42-822C-41B9-A1C3-44D7251FCD9A}
		{0FA1826B-0285-4B1B-BB60-8B06FDC0B84B} = {17792F42-822C-41B9-A1C3-44D7251FCD9A}
		{E263F070-8163-4DFD-9B7E-5FBB00BB0D09} = {17792F42-822C-41B9-A1C3-44D7251FCD9A}
		{9249DFC0-EBFB-4533-9DE5-E91287D56BC3} = {7276DBE2-C268-49ED-B483-4E25C7626367}
		{4ECE5E71-7CA9-4616-AFCA-520897269A5C} = {7276DBE2-C268-49ED-B483-4E25C7626367}
		{DA4071E9-324B-473A-93C0-3236FE0A2D72} = {7276DBE2-C268-49ED-B483-4E25C7626367}
		{64BAAF53-146B-4269-A79A-6E5017ADC06F} = {7276DBE2-C268-49ED-B483-4E25C7626367}
		{09455627-B313-4DF2-B54C-2EF998D2B9A5} = {7276DBE2-C268-49ED-B483-4E25C7626367}
		{166435C6-F4EA-423C-959B-632A7477380F} = {7276DBE2-C268-49ED-B483-4E25C7626367}
		{5B7F10CD-124A-43FA-AB1C-239FF8495E7B} = {C207420D-F2E2-4A4D-9512-CF47515CF43B}
		{8C80D057-632B-4EF6-A8C5-509477EFE06C} = {7276DBE2-C268-49ED-B483-4E25C7626367}
		{9CC7170D-3426-48C8-9FB5-DEE305996324} = {7276DBE2-C268-49ED-B483-4E25C7626367}
		{466863CC-FC89-46FC-B19F-2F3459E36356} = {0618A671-F06D-4B85-8CE7-DCEACC12A390}
		{394FAD79-130A-4050-A5B6-C6BDB8A7C796} = {0618A671-F06D-4B85-8CE7-DCEACC12A390}
		{54DD6819-6FBA-4621-9BBC-95FFCD77FFAA} = {0618A671-F06D-4B85-8CE7-DCEACC12A390}
		{9F66EB41-26F6-483E-A7F3-516B8C8618B5} = {A5B5C601-B2E4-4FD1-97A8-E2D79FE325DD}
		{5EEBF649-60CE-4AE6-83EF-3B19FCC23E6D} = {EDED1191-E0AD-4FA5-A639-AAE5A91F14DF}
		{FFE1A355-27AC-49D0-8BA7-D8F2300E76C6} = {9296DBBB-69A3-456E-B794-A2FA42B8F129}
		{C62FD6D5-9A15-4EB6-AF5C-71B5555DF68D} = {9296DBBB-69A3-456E-B794-A2FA42B8F129}
		{966CCDF0-CD43-4092-86EF-5FDAA3C68C37} = {A5B5C601-B2E4-4FD1-97A8-E2D79FE325DD}
		{D9E0A60B-3AD1-4951-BAD6-0E1E02F7C116} = {A5B5C601-B2E4-4FD1-97A8-E2D79FE325DD}
		{743AE2A0-09B1-43C3-B87D-B3C27354CEAB} = {A5B5C601-B2E4-4FD1-97A8-E2D79FE325DD}
		{D771A882-ABF2-4CAE-BD5D-B3CCB2C480B8} = {A5B5C601-B2E4-4FD1-97A8-E2D79FE325DD}
		{D1794018-67E0-4799-8EB3-ED0194FE143D} = {A5B5C601-B2E4-4FD1-97A8-E2D79FE325DD}
		{7C674E19-DE8D-4144-AA8C-2F7EE5E7B4C9} = {A5B5C601-B2E4-4FD1-97A8-E2D79FE325DD}
		{6E5EA972-8E56-44BC-8EA1-B983A1C1F93B} = {9296DBBB-69A3-456E-B794-A2FA42B8F129}
		{2F24E149-CD50-4330-B94F-58FE5A5749BF} = {9296DBBB-69A3-456E-B794-A2FA42B8F129}
		{363C3931-6131-4F55-BE69-B8F938FF0194} = {9296DBBB-69A3-456E-B794-A2FA42B8F129}
		{F86AD8CA-DC1B-477E-AFC8-762386922666} = {9296DBBB-69A3-456E-B794-A2FA42B8F129}
		{F625DEDA-1768-4B97-8F43-411CC92BC1B0} = {C207420D-F2E2-4A4D-9512-CF47515CF43B}
		{3FB5EEEC-E33B-4EE8-8D51-5E68A952D5B9} = {9296DBBB-69A3-456E-B794-A2FA42B8F129}
		{6A2A27DD-E4C1-4050-BDCE-861591D0F6E3} = {C207420D-F2E2-4A4D-9512-CF47515CF43B}
		{7E87BBF0-3466-49C3-87BB-08B0968AF5B1} = {C207420D-F2E2-4A4D-9512-CF47515CF43B}
		{C9AF4A17-8C7C-448D-853C-332A367A01A0} = {C207420D-F2E2-4A4D-9512-CF47515CF43B}
		{5F35FB79-029A-46E8-B3B3-2E9DEC304DB0} = {C207420D-F2E2-4A4D-9512-CF47515CF43B}
		{7DCE1347-C4A1-447D-B0DC-4B663E398FED} = {9296DBBB-69A3-456E-B794-A2FA42B8F129}
		{5DE59CE7-4466-42D7-8713-367023B3FA21} = {C207420D-F2E2-4A4D-9512-CF47515CF43B}
		{99F6B664-A9A3-48FA-B0D0-7AD570B140C3} = {C207420D-F2E2-4A4D-9512-CF47515CF43B}
		{CC456859-7345-4E89-820E-1086AD630F6F} = {C207420D-F2E2-4A4D-9512-CF47515CF43B}
		{89BE7C65-7B52-4AEA-BDDF-0A589D4E49B0} = {9296DBBB-69A3-456E-B794-A2FA42B8F129}
		{700CE567-A348-4BA5-9475-C642BD5408B2} = {9296DBBB-69A3-456E-B794-A2FA42B8F129}
		{56635087-A43F-4D53-AD6B-BC8C8D78237B} = {C207420D-F2E2-4A4D-9512-CF47515CF43B}
		{594B85E2-DF95-42BD-9648-2CE1A2A0F0DE} = {C207420D-F2E2-4A4D-9512-CF47515CF43B}
	EndGlobalSection
	GlobalSection(ExtensibilityGlobals) = postSolution
		SolutionGuid = {178374A4-3358-4800-88F5-C11A0E9EB658}
	EndGlobalSection
EndGlobal
